
Microsoft Visual Studio Solution File, Format Version 12.00
# Visual Studio Version 17
VisualStudioVersion = 17.0.31611.283
MinimumVisualStudioVersion = 10.0.40219.1
Project("{9A19103F-16F7-4668-BE54-9A1E7A4F7556}") = "MauiApp1", "MauiApp1\MauiApp1.csproj", "{D1330551-F1FD-4565-9AC5-42334429A8A5}"
EndProject
Project("{FAE04EC0-301F-11D3-BF4B-00C04F79EFBC}") = "Services", "Services\Services.csproj", "{DEDADD18-A967-4301-B8E3-DB9969FED1EA}"
EndProject
Project("{FAE04EC0-301F-11D3-BF4B-00C04F79EFBC}") = "Models", "Models\Models.csproj", "{3EA896AC-255C-49D4-B4BB-9AFD13805CF0}"
EndProject
Project("{FAE04EC0-301F-11D3-BF4B-00C04F79EFBC}") = "ViewModels", "ViewModels\ViewModels.csproj", "{2B5C5547-608C-40CB-A0C5-38C4BBFFA7F3}"
EndProject
Global
	GlobalSection(SolutionConfigurationPlatforms) = preSolution
		Debug|Any CPU = Debug|Any CPU
		Release|Any CPU = Release|Any CPU
	EndGlobalSection
	GlobalSection(ProjectConfigurationPlatforms) = postSolution
		{D1330551-F1FD-4565-9AC5-42334429A8A5}.Debug|Any CPU.ActiveCfg = Debug|Any CPU
		{D1330551-F1FD-4565-9AC5-42334429A8A5}.Debug|Any CPU.Build.0 = Debug|Any CPU
		{D1330551-F1FD-4565-9AC5-42334429A8A5}.Debug|Any CPU.Deploy.0 = Debug|Any CPU
		{D1330551-F1FD-4565-9AC5-42334429A8A5}.Release|Any CPU.ActiveCfg = Release|Any CPU
		{D1330551-F1FD-4565-9AC5-42334429A8A5}.Release|Any CPU.Build.0 = Release|Any CPU
		{D1330551-F1FD-4565-9AC5-42334429A8A5}.Release|Any CPU.Deploy.0 = Release|Any CPU
		{DEDADD18-A967-4301-B8E3-DB9969FED1EA}.Debug|Any CPU.ActiveCfg = Debug|Any CPU
		{DEDADD18-A967-4301-B8E3-DB9969FED1EA}.Debug|Any CPU.Build.0 = Debug|Any CPU
		{DEDADD18-A967-4301-B8E3-DB9969FED1EA}.Release|Any CPU.ActiveCfg = Release|Any CPU
		{DEDADD18-A967-4301-B8E3-DB9969FED1EA}.Release|Any CPU.Build.0 = Release|Any CPU
		{3EA896AC-255C-49D4-B4BB-9AFD13805CF0}.Debug|Any CPU.ActiveCfg = Debug|Any CPU
		{3EA896AC-255C-49D4-B4BB-9AFD13805CF0}.Debug|Any CPU.Build.0 = Debug|Any CPU
		{3EA896AC-255C-49D4-B4BB-9AFD13805CF0}.Release|Any CPU.ActiveCfg = Release|Any CPU
		{3EA896AC-255C-49D4-B4BB-9AFD13805CF0}.Release|Any CPU.Build.0 = Release|Any CPU
		{2B5C5547-608C-40CB-A0C5-38C4BBFFA7F3}.Debug|Any CPU.ActiveCfg = Debug|Any CPU
		{2B5C5547-608C-40CB-A0C5-38C4BBFFA7F3}.Debug|Any CPU.Build.0 = Debug|Any CPU
		{2B5C5547-608C-40CB-A0C5-38C4BBFFA7F3}.Release|Any CPU.ActiveCfg = Release|Any CPU
		{2B5C5547-608C-40CB-A0C5-38C4BBFFA7F3}.Release|Any CPU.Build.0 = Release|Any CPU
	EndGlobalSection
	GlobalSection(SolutionProperties) = preSolution
		HideSolutionNode = FALSE
	EndGlobalSection
	GlobalSection(ExtensibilityGlobals) = postSolution
		SolutionGuid = {61F7FB11-1E47-470C-91E2-47F8143E1572}
	EndGlobalSection
EndGlobal
